
Microsoft Visual Studio Solution File, Format Version 12.00
# Visual Studio Version 17
VisualStudioVersion = 17.0.31903.59
MinimumVisualStudioVersion = 10.0.40219.1
Project("{2150E333-8FDC-42A3-9474-1A3956D46DE8}") = "src", "src", "{827E0CD3-B72D-47B6-A68D-7590B98EB39B}"
EndProject
Project("{FAE04EC0-301F-11D3-BF4B-00C04F79EFBC}") = "ScriptureCircle.Domain", "src\ScriptureCircle.Domain\ScriptureCircle.Domain.csproj", "{38FBF114-CFDE-44B9-82A5-D4A701967475}"
EndProject
Project("{FAE04EC0-301F-11D3-BF4B-00C04F79EFBC}") = "ScriptureCircle.Application", "src\ScriptureCircle.Application\ScriptureCircle.Application.csproj", "{DA7DDFFC-AC42-43A3-A050-9FFC4D2BB4CC}"
EndProject
Project("{FAE04EC0-301F-11D3-BF4B-00C04F79EFBC}") = "ScriptureCircle.Infrastructure", "src\ScriptureCircle.Infrastructure\ScriptureCircle.Infrastructure.csproj", "{4A7598C4-09CE-43B6-85A6-2B71E2ED0252}"
EndProject
Project("{FAE04EC0-301F-11D3-BF4B-00C04F79EFBC}") = "ScriptureCircle.Shared", "src\ScriptureCircle.Shared\ScriptureCircle.Shared.csproj", "{F52736CB-9B48-47F8-836D-C235AC79E11F}"
EndProject
Project("{FAE04EC0-301F-11D3-BF4B-00C04F79EFBC}") = "ScriptureCircle.Api", "src\ScriptureCircle.Api\ScriptureCircle.Api.csproj", "{56C340B2-FA2F-48B1-9F87-978EE62172D3}"
EndProject
Project("{2150E333-8FDC-42A3-9474-1A3956D46DE8}") = "tests", "tests", "{0AB3BF05-4346-4AA6-1389-037BE0695223}"
EndProject
Project("{FAE04EC0-301F-11D3-BF4B-00C04F79EFBC}") = "ScriptureCircle.Domain.Tests", "tests\ScriptureCircle.Domain.Tests\ScriptureCircle.Domain.Tests.csproj", "{EE5DDDF8-F71A-4F34-9538-6A530C1F3FCD}"
EndProject
Project("{FAE04EC0-301F-11D3-BF4B-00C04F79EFBC}") = "ScriptureCircle.Application.Tests", "tests\ScriptureCircle.Application.Tests\ScriptureCircle.Application.Tests.csproj", "{A1FA0BAB-D851-4501-A5FB-D1C198751A12}"
EndProject
Project("{FAE04EC0-301F-11D3-BF4B-00C04F79EFBC}") = "ScriptureCircle.Api.Tests", "tests\ScriptureCircle.Api.Tests\ScriptureCircle.Api.Tests.csproj", "{47F09914-35EF-45A0-BB78-DFB1E0E213F4}"
EndProject
Global
	GlobalSection(SolutionConfigurationPlatforms) = preSolution
		Debug|Any CPU = Debug|Any CPU
		Debug|x64 = Debug|x64
		Debug|x86 = Debug|x86
		Release|Any CPU = Release|Any CPU
		Release|x64 = Release|x64
		Release|x86 = Release|x86
	EndGlobalSection
	GlobalSection(ProjectConfigurationPlatforms) = postSolution
		{38FBF114-CFDE-44B9-82A5-D4A701967475}.Debug|Any CPU.ActiveCfg = Debug|Any CPU
		{38FBF114-CFDE-44B9-82A5-D4A701967475}.Debug|Any CPU.Build.0 = Debug|Any CPU
		{38FBF114-CFDE-44B9-82A5-D4A701967475}.Debug|x64.ActiveCfg = Debug|Any CPU
		{38FBF114-CFDE-44B9-82A5-D4A701967475}.Debug|x64.Build.0 = Debug|Any CPU
		{38FBF114-CFDE-44B9-82A5-D4A701967475}.Debug|x86.ActiveCfg = Debug|Any CPU
		{38FBF114-CFDE-44B9-82A5-D4A701967475}.Debug|x86.Build.0 = Debug|Any CPU
		{38FBF114-CFDE-44B9-82A5-D4A701967475}.Release|Any CPU.ActiveCfg = Release|Any CPU
		{38FBF114-CFDE-44B9-82A5-D4A701967475}.Release|Any CPU.Build.0 = Release|Any CPU
		{38FBF114-CFDE-44B9-82A5-D4A701967475}.Release|x64.ActiveCfg = Release|Any CPU
		{38FBF114-CFDE-44B9-82A5-D4A701967475}.Release|x64.Build.0 = Release|Any CPU
		{38FBF114-CFDE-44B9-82A5-D4A701967475}.Release|x86.ActiveCfg = Release|Any CPU
		{38FBF114-CFDE-44B9-82A5-D4A701967475}.Release|x86.Build.0 = Release|Any CPU
		{DA7DDFFC-AC42-43A3-A050-9FFC4D2BB4CC}.Debug|Any CPU.ActiveCfg = Debug|Any CPU
		{DA7DDFFC-AC42-43A3-A050-9FFC4D2BB4CC}.Debug|Any CPU.Build.0 = Debug|Any CPU
		{DA7DDFFC-AC42-43A3-A050-9FFC4D2BB4CC}.Debug|x64.ActiveCfg = Debug|Any CPU
		{DA7DDFFC-AC42-43A3-A050-9FFC4D2BB4CC}.Debug|x64.Build.0 = Debug|Any CPU
		{DA7DDFFC-AC42-43A3-A050-9FFC4D2BB4CC}.Debug|x86.ActiveCfg = Debug|Any CPU
		{DA7DDFFC-AC42-43A3-A050-9FFC4D2BB4CC}.Debug|x86.Build.0 = Debug|Any CPU
		{DA7DDFFC-AC42-43A3-A050-9FFC4D2BB4CC}.Release|Any CPU.ActiveCfg = Release|Any CPU
		{DA7DDFFC-AC42-43A3-A050-9FFC4D2BB4CC}.Release|Any CPU.Build.0 = Release|Any CPU
		{DA7DDFFC-AC42-43A3-A050-9FFC4D2BB4CC}.Release|x64.ActiveCfg = Release|Any CPU
		{DA7DDFFC-AC42-43A3-A050-9FFC4D2BB4CC}.Release|x64.Build.0 = Release|Any CPU
		{DA7DDFFC-AC42-43A3-A050-9FFC4D2BB4CC}.Release|x86.ActiveCfg = Release|Any CPU
		{DA7DDFFC-AC42-43A3-A050-9FFC4D2BB4CC}.Release|x86.Build.0 = Release|Any CPU
		{4A7598C4-09CE-43B6-85A6-2B71E2ED0252}.Debug|Any CPU.ActiveCfg = Debug|Any CPU
		{4A7598C4-09CE-43B6-85A6-2B71E2ED0252}.Debug|Any CPU.Build.0 = Debug|Any CPU
		{4A7598C4-09CE-43B6-85A6-2B71E2ED0252}.Debug|x64.ActiveCfg = Debug|Any CPU
		{4A7598C4-09CE-43B6-85A6-2B71E2ED0252}.Debug|x64.Build.0 = Debug|Any CPU
		{4A7598C4-09CE-43B6-85A6-2B71E2ED0252}.Debug|x86.ActiveCfg = Debug|Any CPU
		{4A7598C4-09CE-43B6-85A6-2B71E2ED0252}.Debug|x86.Build.0 = Debug|Any CPU
		{4A7598C4-09CE-43B6-85A6-2B71E2ED0252}.Release|Any CPU.ActiveCfg = Release|Any CPU
		{4A7598C4-09CE-43B6-85A6-2B71E2ED0252}.Release|Any CPU.Build.0 = Release|Any CPU
		{4A7598C4-09CE-43B6-85A6-2B71E2ED0252}.Release|x64.ActiveCfg = Release|Any CPU
		{4A7598C4-09CE-43B6-85A6-2B71E2ED0252}.Release|x64.Build.0 = Release|Any CPU
		{4A7598C4-09CE-43B6-85A6-2B71E2ED0252}.Release|x86.ActiveCfg = Release|Any CPU
		{4A7598C4-09CE-43B6-85A6-2B71E2ED0252}.Release|x86.Build.0 = Release|Any CPU
		{F52736CB-9B48-47F8-836D-C235AC79E11F}.Debug|Any CPU.ActiveCfg = Debug|Any CPU
		{F52736CB-9B48-47F8-836D-C235AC79E11F}.Debug|Any CPU.Build.0 = Debug|Any CPU
		{F52736CB-9B48-47F8-836D-C235AC79E11F}.Debug|x64.ActiveCfg = Debug|Any CPU
		{F52736CB-9B48-47F8-836D-C235AC79E11F}.Debug|x64.Build.0 = Debug|Any CPU
		{F52736CB-9B48-47F8-836D-C235AC79E11F}.Debug|x86.ActiveCfg = Debug|Any CPU
		{F52736CB-9B48-47F8-836D-C235AC79E11F}.Debug|x86.Build.0 = Debug|Any CPU
		{F52736CB-9B48-47F8-836D-C235AC79E11F}.Release|Any CPU.ActiveCfg = Release|Any CPU
		{F52736CB-9B48-47F8-836D-C235AC79E11F}.Release|Any CPU.Build.0 = Release|Any CPU
		{F52736CB-9B48-47F8-836D-C235AC79E11F}.Release|x64.ActiveCfg = Release|Any CPU
		{F52736CB-9B48-47F8-836D-C235AC79E11F}.Release|x64.Build.0 = Release|Any CPU
		{F52736CB-9B48-47F8-836D-C235AC79E11F}.Release|x86.ActiveCfg = Release|Any CPU
		{F52736CB-9B48-47F8-836D-C235AC79E11F}.Release|x86.Build.0 = Release|Any CPU
		{56C340B2-FA2F-48B1-9F87-978EE62172D3}.Debug|Any CPU.ActiveCfg = Debug|Any CPU
		{56C340B2-FA2F-48B1-9F87-978EE62172D3}.Debug|Any CPU.Build.0 = Debug|Any CPU
		{56C340B2-FA2F-48B1-9F87-978EE62172D3}.Debug|x64.ActiveCfg = Debug|Any CPU
		{56C340B2-FA2F-48B1-9F87-978EE62172D3}.Debug|x64.Build.0 = Debug|Any CPU
		{56C340B2-FA2F-48B1-9F87-978EE62172D3}.Debug|x86.ActiveCfg = Debug|Any CPU
		{56C340B2-FA2F-48B1-9F87-978EE62172D3}.Debug|x86.Build.0 = Debug|Any CPU
		{56C340B2-FA2F-48B1-9F87-978EE62172D3}.Release|Any CPU.ActiveCfg = Release|Any CPU
		{56C340B2-FA2F-48B1-9F87-978EE62172D3}.Release|Any CPU.Build.0 = Release|Any CPU
		{56C340B2-FA2F-48B1-9F87-978EE62172D3}.Release|x64.ActiveCfg = Release|Any CPU
		{56C340B2-FA2F-48B1-9F87-978EE62172D3}.Release|x64.Build.0 = Release|Any CPU
		{56C340B2-FA2F-48B1-9F87-978EE62172D3}.Release|x86.ActiveCfg = Release|Any CPU
		{56C340B2-FA2F-48B1-9F87-978EE62172D3}.Release|x86.Build.0 = Release|Any CPU
		{EE5DDDF8-F71A-4F34-9538-6A530C1F3FCD}.Debug|Any CPU.ActiveCfg = Debug|Any CPU
		{EE5DDDF8-F71A-4F34-9538-6A530C1F3FCD}.Debug|Any CPU.Build.0 = Debug|Any CPU
		{EE5DDDF8-F71A-4F34-9538-6A530C1F3FCD}.Debug|x64.ActiveCfg = Debug|Any CPU
		{EE5DDDF8-F71A-4F34-9538-6A530C1F3FCD}.Debug|x64.Build.0 = Debug|Any CPU
		{EE5DDDF8-F71A-4F34-9538-6A530C1F3FCD}.Debug|x86.ActiveCfg = Debug|Any CPU
		{EE5DDDF8-F71A-4F34-9538-6A530C1F3FCD}.Debug|x86.Build.0 = Debug|Any CPU
		{EE5DDDF8-F71A-4F34-9538-6A530C1F3FCD}.Release|Any CPU.ActiveCfg = Release|Any CPU
		{EE5DDDF8-F71A-4F34-9538-6A530C1F3FCD}.Release|Any CPU.Build.0 = Release|Any CPU
		{EE5DDDF8-F71A-4F34-9538-6A530C1F3FCD}.Release|x64.ActiveCfg = Release|Any CPU
		{EE5DDDF8-F71A-4F34-9538-6A530C1F3FCD}.Release|x64.Build.0 = Release|Any CPU
		{EE5DDDF8-F71A-4F34-9538-6A530C1F3FCD}.Release|x86.ActiveCfg = Release|Any CPU
		{EE5DDDF8-F71A-4F34-9538-6A530C1F3FCD}.Release|x86.Build.0 = Release|Any CPU
		{A1FA0BAB-D851-4501-A5FB-D1C198751A12}.Debug|Any CPU.ActiveCfg = Debug|Any CPU
		{A1FA0BAB-D851-4501-A5FB-D1C198751A12}.Debug|Any CPU.Build.0 = Debug|Any CPU
		{A1FA0BAB-D851-4501-A5FB-D1C198751A12}.Debug|x64.ActiveCfg = Debug|Any CPU
		{A1FA0BAB-D851-4501-A5FB-D1C198751A12}.Debug|x64.Build.0 = Debug|Any CPU
		{A1FA0BAB-D851-4501-A5FB-D1C198751A12}.Debug|x86.ActiveCfg = Debug|Any CPU
		{A1FA0BAB-D851-4501-A5FB-D1C198751A12}.Debug|x86.Build.0 = Debug|Any CPU
		{A1FA0BAB-D851-4501-A5FB-D1C198751A12}.Release|Any CPU.ActiveCfg = Release|Any CPU
		{A1FA0BAB-D851-4501-A5FB-D1C198751A12}.Release|Any CPU.Build.0 = Release|Any CPU
		{A1FA0BAB-D851-4501-A5FB-D1C198751A12}.Release|x64.ActiveCfg = Release|Any CPU
		{A1FA0BAB-D851-4501-A5FB-D1C198751A12}.Release|x64.Build.0 = Release|Any CPU
		{A1FA0BAB-D851-4501-A5FB-D1C198751A12}.Release|x86.ActiveCfg = Release|Any CPU
		{A1FA0BAB-D851-4501-A5FB-D1C198751A12}.Release|x86.Build.0 = Release|Any CPU
		{47F09914-35EF-45A0-BB78-DFB1E0E213F4}.Debug|Any CPU.ActiveCfg = Debug|Any CPU
		{47F09914-35EF-45A0-BB78-DFB1E0E213F4}.Debug|Any CPU.Build.0 = Debug|Any CPU
		{47F09914-35EF-45A0-BB78-DFB1E0E213F4}.Debug|x64.ActiveCfg = Debug|Any CPU
		{47F09914-35EF-45A0-BB78-DFB1E0E213F4}.Debug|x64.Build.0 = Debug|Any CPU
		{47F09914-35EF-45A0-BB78-DFB1E0E213F4}.Debug|x86.ActiveCfg = Debug|Any CPU
		{47F09914-35EF-45A0-BB78-DFB1E0E213F4}.Debug|x86.Build.0 = Debug|Any CPU
		{47F09914-35EF-45A0-BB78-DFB1E0E213F4}.Release|Any CPU.ActiveCfg = Release|Any CPU
		{47F09914-35EF-45A0-BB78-DFB1E0E213F4}.Release|Any CPU.Build.0 = Release|Any CPU
		{47F09914-35EF-45A0-BB78-DFB1E0E213F4}.Release|x64.ActiveCfg = Release|Any CPU
		{47F09914-35EF-45A0-BB78-DFB1E0E213F4}.Release|x64.Build.0 = Release|Any CPU
		{47F09914-35EF-45A0-BB78-DFB1E0E213F4}.Release|x86.ActiveCfg = Release|Any CPU
		{47F09914-35EF-45A0-BB78-DFB1E0E213F4}.Release|x86.Build.0 = Release|Any CPU
	EndGlobalSection
	GlobalSection(SolutionProperties) = preSolution
		HideSolutionNode = FALSE
	EndGlobalSection
	GlobalSection(NestedProjects) = preSolution
		{38FBF114-CFDE-44B9-82A5-D4A701967475} = {827E0CD3-B72D-47B6-A68D-7590B98EB39B}
		{DA7DDFFC-AC42-43A3-A050-9FFC4D2BB4CC} = {827E0CD3-B72D-47B6-A68D-7590B98EB39B}
		{4A7598C4-09CE-43B6-85A6-2B71E2ED0252} = {827E0CD3-B72D-47B6-A68D-7590B98EB39B}
		{F52736CB-9B48-47F8-836D-C235AC79E11F} = {827E0CD3-B72D-47B6-A68D-7590B98EB39B}
		{56C340B2-FA2F-48B1-9F87-978EE62172D3} = {827E0CD3-B72D-47B6-A68D-7590B98EB39B}
		{EE5DDDF8-F71A-4F34-9538-6A530C1F3FCD} = {0AB3BF05-4346-4AA6-1389-037BE0695223}
		{A1FA0BAB-D851-4501-A5FB-D1C198751A12} = {0AB3BF05-4346-4AA6-1389-037BE0695223}
		{47F09914-35EF-45A0-BB78-DFB1E0E213F4} = {0AB3BF05-4346-4AA6-1389-037BE0695223}
	EndGlobalSection
EndGlobal
